{
  "version": 4,
  "terraform_version": "1.15.2",
  "serial": 5,
  "lineage": "454bf283-3722-be16-168b-4395c7a858f3",
  "outputs": {},
  "resources": [
    {
      "mode": "managed",
      "type": "yandex_vpc_subnet",
      "name": "subnet1",
      "provider": "provider[\"registry.terraform.io/yandex-cloud/yandex\"]",
      "instances": [
        {
          "schema_version": 0,
          "attributes": {
            "created_at": "2026-07-10T07:08:23Z",
            "description": "",
            "dhcp_options": [],
            "folder_id": "b1g5emp6a8p552igdad1",
            "id": "e2lg5jm30m15f3dlvnvp",
            "labels": {},
            "name": "subnet1",
            "network_id": "enpj5slgrk1u78ea79ej",
            "route_table_id": "",
            "timeouts": null,
            "v4_cidr_blocks": [
              "172.24.8.0/24"
            ],
            "v6_cidr_blocks": [],
            "zone": "ru-central1-b"
          },
          "sensitive_attributes": [],
          "identity_schema_version": 0,
          "private": "eyJlMmJmYjczMC1lY2FhLTExZTYtOGY4OC0zNDM2M2JjN2M0YzAiOnsiY3JlYXRlIjoxODAwMDAwMDAwMDAsImRlbGV0ZSI6MTgwMDAwMDAwMDAwLCJ1cGRhdGUiOjE4MDAwMDAwMDAwMH19"
        }
      ]
    }
  ],
  "check_results": null
}
